
Microsoft Visual Studio Solution File, Format Version 12.00
# Visual Studio Version 17
VisualStudioVersion = 17.0.31919.166
MinimumVisualStudioVersion = 10.0.40219.1
Project("{9A19103F-16F7-4668-BE54-9A1E7A4F7556}") = "DailyKatas", "DailyKatas\DailyKatas.csproj", "{1197BB3C-E0B7-455A-AB00-B1E9202EE6CB}"
EndProject
Project("{9A19103F-16F7-4668-BE54-9A1E7A4F7556}") = "DailyKatasTests", "DailyKatasTests\DailyKatasTests.csproj", "{06BB67CA-54EC-48E2-972D-789174C2C365}"
EndProject
Project("{888888A0-9F3D-457C-B088-3A5042F75D52}") = "DailyKataPython", "DailyKataPython\DailyKataPython.pyproj", "{3B1D2E3D-ACDD-4368-9196-9D1868CE72D7}"
EndProject
Global
	GlobalSection(SolutionConfigurationPlatforms) = preSolution
		Debug|Any CPU = Debug|Any CPU
		Release|Any CPU = Release|Any CPU
	EndGlobalSection
	GlobalSection(ProjectConfigurationPlatforms) = postSolution
		{1197BB3C-E0B7-455A-AB00-B1E9202EE6CB}.Debug|Any CPU.ActiveCfg = Debug|Any CPU
		{1197BB3C-E0B7-455A-AB00-B1E9202EE6CB}.Debug|Any CPU.Build.0 = Debug|Any CPU
		{1197BB3C-E0B7-455A-AB00-B1E9202EE6CB}.Release|Any CPU.ActiveCfg = Release|Any CPU
		{1197BB3C-E0B7-455A-AB00-B1E9202EE6CB}.Release|Any CPU.Build.0 = Release|Any CPU
		{06BB67CA-54EC-48E2-972D-789174C2C365}.Debug|Any CPU.ActiveCfg = Debug|Any CPU
		{06BB67CA-54EC-48E2-972D-789174C2C365}.Debug|Any CPU.Build.0 = Debug|Any CPU
		{06BB67CA-54EC-48E2-972D-789174C2C365}.Release|Any CPU.ActiveCfg = Release|Any CPU
		{06BB67CA-54EC-48E2-972D-789174C2C365}.Release|Any CPU.Build.0 = Release|Any CPU
		{3B1D2E3D-ACDD-4368-9196-9D1868CE72D7}.Debug|Any CPU.ActiveCfg = Debug|Any CPU
		{3B1D2E3D-ACDD-4368-9196-9D1868CE72D7}.Release|Any CPU.ActiveCfg = Release|Any CPU
	EndGlobalSection
	GlobalSection(SolutionProperties) = preSolution
		HideSolutionNode = FALSE
	EndGlobalSection
	GlobalSection(ExtensibilityGlobals) = postSolution
		SolutionGuid = {27C57964-EACD-43D9-9EDD-1E0C514CA248}
	EndGlobalSection
EndGlobal
